<?xml version="1.0" encoding="utf-8"?>
<Project ToolsVersion="4.0" xmlns="http://schemas.microsoft.com/developer/msbuild/2003">
  <ItemGroup>
    <Filter Include="Source Files">
      <UniqueIdentifier>{4FC737F1-C7A5-4376-A066-2A32D752A2FF}</UniqueIdentifier>
      <Extensions>cpp;c;cc;cxx;c++;cppm;ixx;def;odl;idl;hpj;bat;asm;asmx</Extensions>
    </Filter>
    <Filter Include="Header Files">
      <UniqueIdentifier>{93995380-89BD-4b04-88EB-625FBE52EBFB}</UniqueIdentifier>
      <Extensions>h;hh;hpp;hxx;h++;hm;inl;inc;ipp;xsd</Extensions>
    </Filter>
    <Filter Include="Resource Files">
      <UniqueIdentifier>{67DA6AB6-F800-4c08-8B7A-83BB121AAD01}</UniqueIdentifier>
      <Extensions>rc;ico;cur;bmp;dlg;rc2;rct;bin;rgs;gif;jpg;jpeg;jpe;resx;tiff;tif;png;wav;mfcribbon-ms</Extensions>
    </Filter>
    <Filter Include="Source Files\src">
      <UniqueIdentifier>{9efbd890-6c0e-4d19-b54a-40136b9c9d40}</UniqueIdentifier>
    </Filter>
    <Filter Include="Source Files\src\algo">
      <UniqueIdentifier>{8b50a487-21cf-484d-b765-5801fbbbf6bd}</UniqueIdentifier>
    </Filter>
    <Filter Include="Source Files\src\ds">
      <UniqueIdentifier>{c92c7dd2-39db-4d47-8d20-80d0f11cfffd}</UniqueIdentifier>
    </Filter>
    <Filter Include="Source Files\src\util">
      <UniqueIdentifier>{e04504a7-9b9e-4b65-a33c-9fc9f239c6a4}</UniqueIdentifier>
    </Filter>
  </ItemGroup>
  <ItemGroup>
    <ClCompile Include="main.cpp">
      <Filter>Source Files</Filter>
    </ClCompile>
  </ItemGroup>
  <ItemGroup>
    <ClInclude Include="src\algo\merge_sort.h">
      <Filter>Source Files\src\algo</Filter>
    </ClInclude>
    <ClInclude Include="src\util\print_vector.h">
      <Filter>Source Files\src\util</Filter>
    </ClInclude>
    <ClInclude Include="src\util\random_generator.h">
      <Filter>Source Files\src\util</Filter>
    </ClInclude>
    <ClInclude Include="src\ds\MyLinkedList.h">
      <Filter>Source Files\src\ds</Filter>
    </ClInclude>
    <ClInclude Include="src\algo\quick_sort.h">
      <Filter>Source Files\src\algo</Filter>
    </ClInclude>
  </ItemGroup>
</Project>